{
  "name": "@peezy.tech/patch-moi-harness",
  "version": "0.1.1",
  "lockfileVersion": 3,
  "requires": true,
  "packages": {
    "": {
      "name": "@peezy.tech/patch-moi-harness",
      "version": "0.1.1",
      "license": "MIT",
      "bin": {
        "patch-moi-harness": "bin/patch-moi-harness.js"
      },
      "engines": {
        "node": ">=20"
      }
    }
  }
}
